
Microsoft Visual Studio Solution File, Format Version 12.00
# Visual Studio Version 17
VisualStudioVersion = 17.9.34723.18
MinimumVisualStudioVersion = 10.0.40219.1
Project("{FAE04EC0-301F-11D3-BF4B-00C04F79EFBC}") = "CreditCardValidationGrpc", "CreditCardValidationGrpc\CreditCardValidationGrpc.csproj", "{00BBAD13-5980-4C64-87AB-A299947B2DD9}"
EndProject
Project("{FAE04EC0-301F-11D3-BF4B-00C04F79EFBC}") = "CreditCardDemo", "CreditCardDemo\CreditCardDemo.csproj", "{3CD9A585-139F-4718-9BB9-8D282B1AF95E}"
EndProject
Global
	GlobalSection(SolutionConfigurationPlatforms) = preSolution
		Debug|Any CPU = Debug|Any CPU
		Release|Any CPU = Release|Any CPU
	EndGlobalSection
	GlobalSection(ProjectConfigurationPlatforms) = postSolution
		{00BBAD13-5980-4C64-87AB-A299947B2DD9}.Debug|Any CPU.ActiveCfg = Debug|Any CPU
		{00BBAD13-5980-4C64-87AB-A299947B2DD9}.Debug|Any CPU.Build.0 = Debug|Any CPU
		{00BBAD13-5980-4C64-87AB-A299947B2DD9}.Release|Any CPU.ActiveCfg = Release|Any CPU
		{00BBAD13-5980-4C64-87AB-A299947B2DD9}.Release|Any CPU.Build.0 = Release|Any CPU
		{3CD9A585-139F-4718-9BB9-8D282B1AF95E}.Debug|Any CPU.ActiveCfg = Debug|Any CPU
		{3CD9A585-139F-4718-9BB9-8D282B1AF95E}.Debug|Any CPU.Build.0 = Debug|Any CPU
		{3CD9A585-139F-4718-9BB9-8D282B1AF95E}.Release|Any CPU.ActiveCfg = Release|Any CPU
		{3CD9A585-139F-4718-9BB9-8D282B1AF95E}.Release|Any CPU.Build.0 = Release|Any CPU
	EndGlobalSection
	GlobalSection(SolutionProperties) = preSolution
		HideSolutionNode = FALSE
	EndGlobalSection
	GlobalSection(ExtensibilityGlobals) = postSolution
		SolutionGuid = {12126655-6095-4288-BF80-30A47C59B7F8}
	EndGlobalSection
EndGlobal
