
Microsoft Visual Studio Solution File, Format Version 12.00
# Visual Studio Version 17
VisualStudioVersion = 17.9.34723.18
MinimumVisualStudioVersion = 10.0.40219.1
Project("{FAE04EC0-301F-11D3-BF4B-00C04F79EFBC}") = "HelpDeskStreamAcl", "HelpDeskStreamAcl\HelpDeskStreamAcl.csproj", "{0731A13A-8B5F-41F9-8425-6C39BEB816F2}"
EndProject
Global
	GlobalSection(SolutionConfigurationPlatforms) = preSolution
		Debug|Any CPU = Debug|Any CPU
		Release|Any CPU = Release|Any CPU
	EndGlobalSection
	GlobalSection(ProjectConfigurationPlatforms) = postSolution
		{0731A13A-8B5F-41F9-8425-6C39BEB816F2}.Debug|Any CPU.ActiveCfg = Debug|Any CPU
		{0731A13A-8B5F-41F9-8425-6C39BEB816F2}.Debug|Any CPU.Build.0 = Debug|Any CPU
		{0731A13A-8B5F-41F9-8425-6C39BEB816F2}.Release|Any CPU.ActiveCfg = Release|Any CPU
		{0731A13A-8B5F-41F9-8425-6C39BEB816F2}.Release|Any CPU.Build.0 = Release|Any CPU
	EndGlobalSection
	GlobalSection(SolutionProperties) = preSolution
		HideSolutionNode = FALSE
	EndGlobalSection
	GlobalSection(ExtensibilityGlobals) = postSolution
		SolutionGuid = {C1B55811-24F0-4C79-BF8A-92B6305E08F0}
	EndGlobalSection
EndGlobal
